
Microsoft Visual Studio Solution File, Format Version 12.00
# Visual Studio 15
VisualStudioVersion = 15.0.26730.12
MinimumVisualStudioVersion = 10.0.40219.1
Project("{FAE04EC0-301F-11D3-BF4B-00C04F79EFBC}") = "azureadmin.net", "azureadmin.net\azureadmin.net.csproj", "{0938C02C-58E8-4910-81CB-F0567E9C259A}"
EndProject
Global
	GlobalSection(SolutionConfigurationPlatforms) = preSolution
		Debug|Any CPU = Debug|Any CPU
		Release|Any CPU = Release|Any CPU
	EndGlobalSection
	GlobalSection(ProjectConfigurationPlatforms) = postSolution
		{0938C02C-58E8-4910-81CB-F0567E9C259A}.Debug|Any CPU.ActiveCfg = Debug|Any CPU
		{0938C02C-58E8-4910-81CB-F0567E9C259A}.Debug|Any CPU.Build.0 = Debug|Any CPU
		{0938C02C-58E8-4910-81CB-F0567E9C259A}.Release|Any CPU.ActiveCfg = Release|Any CPU
		{0938C02C-58E8-4910-81CB-F0567E9C259A}.Release|Any CPU.Build.0 = Release|Any CPU
	EndGlobalSection
	GlobalSection(SolutionProperties) = preSolution
		HideSolutionNode = FALSE
	EndGlobalSection
	GlobalSection(ExtensibilityGlobals) = postSolution
		SolutionGuid = {C3E1F53A-6E46-44BE-83DA-0C17531A0B5F}
	EndGlobalSection
EndGlobal
